
Microsoft Visual Studio Solution File, Format Version 12.00
# Visual Studio 15
VisualStudioVersion = 15.0.28010.2046
MinimumVisualStudioVersion = 10.0.40219.1
Project("{FAE04EC0-301F-11D3-BF4B-00C04F79EFBC}") = "GoodMan.Android", "GoodMan\GoodMan.Android\GoodMan.Android.csproj", "{F22A3D09-4FE8-412D-90D4-48BF4E6560F7}"
EndProject
Project("{FAE04EC0-301F-11D3-BF4B-00C04F79EFBC}") = "GoodMan.iOS", "GoodMan\GoodMan.iOS\GoodMan.iOS.csproj", "{027793E5-E6D7-4CB2-91F2-E4D2280A7768}"
EndProject
Project("{FAE04EC0-301F-11D3-BF4B-00C04F79EFBC}") = "GoodMan", "GoodMan\GoodMan\GoodMan.csproj", "{2E76A500-1DF7-46D8-9833-98F7A26F9782}"
EndProject
Global
	GlobalSection(SolutionConfigurationPlatforms) = preSolution
		Ad-Hoc|Any CPU = Ad-Hoc|Any CPU
		Ad-Hoc|iPhone = Ad-Hoc|iPhone
		Ad-Hoc|iPhoneSimulator = Ad-Hoc|iPhoneSimulator
		AppStore|Any CPU = AppStore|Any CPU
		AppStore|iPhone = AppStore|iPhone
		AppStore|iPhoneSimulator = AppStore|iPhoneSimulator
		Debug|Any CPU = Debug|Any CPU
		Debug|iPhone = Debug|iPhone
		Debug|iPhoneSimulator = Debug|iPhoneSimulator
		Release|Any CPU = Release|Any CPU
		Release|iPhone = Release|iPhone
		Release|iPhoneSimulator = Release|iPhoneSimulator
	EndGlobalSection
	GlobalSection(ProjectConfigurationPlatforms) = postSolution
		{F22A3D09-4FE8-412D-90D4-48BF4E6560F7}.Ad-Hoc|Any CPU.ActiveCfg = Release|Any CPU
		{F22A3D09-4FE8-412D-90D4-48BF4E6560F7}.Ad-Hoc|Any CPU.Build.0 = Release|Any CPU
		{F22A3D09-4FE8-412D-90D4-48BF4E6560F7}.Ad-Hoc|Any CPU.Deploy.0 = Release|Any CPU
		{F22A3D09-4FE8-412D-90D4-48BF4E6560F7}.Ad-Hoc|iPhone.ActiveCfg = Release|Any CPU
		{F22A3D09-4FE8-412D-90D4-48BF4E6560F7}.Ad-Hoc|iPhone.Build.0 = Release|Any CPU
		{F22A3D09-4FE8-412D-90D4-48BF4E6560F7}.Ad-Hoc|iPhone.Deploy.0 = Release|Any CPU
		{F22A3D09-4FE8-412D-90D4-48BF4E6560F7}.Ad-Hoc|iPhoneSimulator.ActiveCfg = Release|Any CPU
		{F22A3D09-4FE8-412D-90D4-48BF4E6560F7}.Ad-Hoc|iPhoneSimulator.Build.0 = Release|Any CPU
		{F22A3D09-4FE8-412D-90D4-48BF4E6560F7}.Ad-Hoc|iPhoneSimulator.Deploy.0 = Release|Any CPU
		{F22A3D09-4FE8-412D-90D4-48BF4E6560F7}.AppStore|Any CPU.ActiveCfg = Release|Any CPU
		{F22A3D09-4FE8-412D-90D4-48BF4E6560F7}.AppStore|Any CPU.Build.0 = Release|Any CPU
		{F22A3D09-4FE8-412D-90D4-48BF4E6560F7}.AppStore|Any CPU.Deploy.0 = Release|Any CPU
		{F22A3D09-4FE8-412D-90D4-48BF4E6560F7}.AppStore|iPhone.ActiveCfg = Release|Any CPU
		{F22A3D09-4FE8-412D-90D4-48BF4E6560F7}.AppStore|iPhone.Build.0 = Release|Any CPU
		{F22A3D09-4FE8-412D-90D4-48BF4E6560F7}.AppStore|iPhone.Deploy.0 = Release|Any CPU
		{F22A3D09-4FE8-412D-90D4-48BF4E6560F7}.AppStore|iPhoneSimulator.ActiveCfg = Release|Any CPU
		{F22A3D09-4FE8-412D-90D4-48BF4E6560F7}.AppStore|iPhoneSimulator.Build.0 = Release|Any CPU
		{F22A3D09-4FE8-412D-90D4-48BF4E6560F7}.AppStore|iPhoneSimulator.Deploy.0 = Release|Any CPU
		{F22A3D09-4FE8-412D-90D4-48BF4E6560F7}.Debug|Any CPU.ActiveCfg = Debug|Any CPU
		{F22A3D09-4FE8-412D-90D4-48BF4E6560F7}.Debug|Any CPU.Build.0 = Debug|Any CPU
		{F22A3D09-4FE8-412D-90D4-48BF4E6560F7}.Debug|Any CPU.Deploy.0 = Debug|Any CPU
		{F22A3D09-4FE8-412D-90D4-48BF4E6560F7}.Debug|iPhone.ActiveCfg = Debug|Any CPU
		{F22A3D09-4FE8-412D-90D4-48BF4E6560F7}.Debug|iPhone.Build.0 = Debug|Any CPU
		{F22A3D09-4FE8-412D-90D4-48BF4E6560F7}.Debug|iPhone.Deploy.0 = Debug|Any CPU
		{F22A3D09-4FE8-412D-90D4-48BF4E6560F7}.Debug|iPhoneSimulator.ActiveCfg = Debug|Any CPU
		{F22A3D09-4FE8-412D-90D4-48BF4E6560F7}.Debug|iPhoneSimulator.Build.0 = Debug|Any CPU
		{F22A3D09-4FE8-412D-90D4-48BF4E6560F7}.Debug|iPhoneSimulator.Deploy.0 = Debug|Any CPU
		{F22A3D09-4FE8-412D-90D4-48BF4E6560F7}.Release|Any CPU.ActiveCfg = Release|Any CPU
		{F22A3D09-4FE8-412D-90D4-48BF4E6560F7}.Release|Any CPU.Build.0 = Release|Any CPU
		{F22A3D09-4FE8-412D-90D4-48BF4E6560F7}.Release|Any CPU.Deploy.0 = Release|Any CPU
		{F22A3D09-4FE8-412D-90D4-48BF4E6560F7}.Release|iPhone.ActiveCfg = Release|Any CPU
		{F22A3D09-4FE8-412D-90D4-48BF4E6560F7}.Release|iPhone.Build.0 = Release|Any CPU
		{F22A3D09-4FE8-412D-90D4-48BF4E6560F7}.Release|iPhone.Deploy.0 = Release|Any CPU
		{F22A3D09-4FE8-412D-90D4-48BF4E6560F7}.Release|iPhoneSimulator.ActiveCfg = Release|Any CPU
		{F22A3D09-4FE8-412D-90D4-48BF4E6560F7}.Release|iPhoneSimulator.Build.0 = Release|Any CPU
		{F22A3D09-4FE8-412D-90D4-48BF4E6560F7}.Release|iPhoneSimulator.Deploy.0 = Release|Any CPU
		{027793E5-E6D7-4CB2-91F2-E4D2280A7768}.Ad-Hoc|Any CPU.ActiveCfg = Ad-Hoc|iPhone
		{027793E5-E6D7-4CB2-91F2-E4D2280A7768}.Ad-Hoc|Any CPU.Build.0 = Ad-Hoc|iPhone
		{027793E5-E6D7-4CB2-91F2-E4D2280A7768}.Ad-Hoc|Any CPU.Deploy.0 = Ad-Hoc|iPhone
		{027793E5-E6D7-4CB2-91F2-E4D2280A7768}.Ad-Hoc|iPhone.ActiveCfg = Ad-Hoc|iPhone
		{027793E5-E6D7-4CB2-91F2-E4D2280A7768}.Ad-Hoc|iPhone.Build.0 = Ad-Hoc|iPhone
		{027793E5-E6D7-4CB2-91F2-E4D2280A7768}.Ad-Hoc|iPhone.Deploy.0 = Ad-Hoc|iPhone
		{027793E5-E6D7-4CB2-91F2-E4D2280A7768}.Ad-Hoc|iPhoneSimulator.ActiveCfg = Ad-Hoc|iPhoneSimulator
		{027793E5-E6D7-4CB2-91F2-E4D2280A7768}.Ad-Hoc|iPhoneSimulator.Build.0 = Ad-Hoc|iPhoneSimulator
		{027793E5-E6D7-4CB2-91F2-E4D2280A7768}.Ad-Hoc|iPhoneSimulator.Deploy.0 = Ad-Hoc|iPhoneSimulator
		{027793E5-E6D7-4CB2-91F2-E4D2280A7768}.AppStore|Any CPU.ActiveCfg = AppStore|iPhone
		{027793E5-E6D7-4CB2-91F2-E4D2280A7768}.AppStore|Any CPU.Build.0 = AppStore|iPhone
		{027793E5-E6D7-4CB2-91F2-E4D2280A7768}.AppStore|Any CPU.Deploy.0 = AppStore|iPhone
		{027793E5-E6D7-4CB2-91F2-E4D2280A7768}.AppStore|iPhone.ActiveCfg = AppStore|iPhone
		{027793E5-E6D7-4CB2-91F2-E4D2280A7768}.AppStore|iPhone.Build.0 = AppStore|iPhone
		{027793E5-E6D7-4CB2-91F2-E4D2280A7768}.AppStore|iPhone.Deploy.0 = AppStore|iPhone
		{027793E5-E6D7-4CB2-91F2-E4D2280A7768}.AppStore|iPhoneSimulator.ActiveCfg = AppStore|iPhoneSimulator
		{027793E5-E6D7-4CB2-91F2-E4D2280A7768}.AppStore|iPhoneSimulator.Build.0 = AppStore|iPhoneSimulator
		{027793E5-E6D7-4CB2-91F2-E4D2280A7768}.AppStore|iPhoneSimulator.Deploy.0 = AppStore|iPhoneSimulator
		{027793E5-E6D7-4CB2-91F2-E4D2280A7768}.Debug|Any CPU.ActiveCfg = Debug|iPhoneSimulator
		{027793E5-E6D7-4CB2-91F2-E4D2280A7768}.Debug|Any CPU.Build.0 = Debug|iPhoneSimulator
		{027793E5-E6D7-4CB2-91F2-E4D2280A7768}.Debug|Any CPU.Deploy.0 = Debug|iPhoneSimulator
		{027793E5-E6D7-4CB2-91F2-E4D2280A7768}.Debug|iPhone.ActiveCfg = Debug|iPhone
		{027793E5-E6D7-4CB2-91F2-E4D2280A7768}.Debug|iPhone.Build.0 = Debug|iPhone
		{027793E5-E6D7-4CB2-91F2-E4D2280A7768}.Debug|iPhone.Deploy.0 = Debug|iPhone
		{027793E5-E6D7-4CB2-91F2-E4D2280A7768}.Debug|iPhoneSimulator.ActiveCfg = Debug|iPhoneSimulator
		{027793E5-E6D7-4CB2-91F2-E4D2280A7768}.Debug|iPhoneSimulator.Build.0 = Debug|iPhoneSimulator
		{027793E5-E6D7-4CB2-91F2-E4D2280A7768}.Debug|iPhoneSimulator.Deploy.0 = Debug|iPhoneSimulator
		{027793E5-E6D7-4CB2-91F2-E4D2280A7768}.Release|Any CPU.ActiveCfg = Release|iPhone
		{027793E5-E6D7-4CB2-91F2-E4D2280A7768}.Release|Any CPU.Build.0 = Release|iPhone
		{027793E5-E6D7-4CB2-91F2-E4D2280A7768}.Release|Any CPU.Deploy.0 = Release|iPhone
		{027793E5-E6D7-4CB2-91F2-E4D2280A7768}.Release|iPhone.ActiveCfg = Release|iPhone
		{027793E5-E6D7-4CB2-91F2-E4D2280A7768}.Release|iPhone.Build.0 = Release|iPhone
		{027793E5-E6D7-4CB2-91F2-E4D2280A7768}.Release|iPhone.Deploy.0 = Release|iPhone
		{027793E5-E6D7-4CB2-91F2-E4D2280A7768}.Release|iPhoneSimulator.ActiveCfg = Release|iPhoneSimulator
		{027793E5-E6D7-4CB2-91F2-E4D2280A7768}.Release|iPhoneSimulator.Build.0 = Release|iPhoneSimulator
		{027793E5-E6D7-4CB2-91F2-E4D2280A7768}.Release|iPhoneSimulator.Deploy.0 = Release|iPhoneSimulator
		{2E76A500-1DF7-46D8-9833-98F7A26F9782}.Ad-Hoc|Any CPU.ActiveCfg = Debug|Any CPU
		{2E76A500-1DF7-46D8-9833-98F7A26F9782}.Ad-Hoc|Any CPU.Build.0 = Debug|Any CPU
		{2E76A500-1DF7-46D8-9833-98F7A26F9782}.Ad-Hoc|Any CPU.Deploy.0 = Debug|Any CPU
		{2E76A500-1DF7-46D8-9833-98F7A26F9782}.Ad-Hoc|iPhone.ActiveCfg = Debug|Any CPU
		{2E76A500-1DF7-46D8-9833-98F7A26F9782}.Ad-Hoc|iPhone.Build.0 = Debug|Any CPU
		{2E76A500-1DF7-46D8-9833-98F7A26F9782}.Ad-Hoc|iPhone.Deploy.0 = Debug|Any CPU
		{2E76A500-1DF7-46D8-9833-98F7A26F9782}.Ad-Hoc|iPhoneSimulator.ActiveCfg = Debug|Any CPU
		{2E76A500-1DF7-46D8-9833-98F7A26F9782}.Ad-Hoc|iPhoneSimulator.Build.0 = Debug|Any CPU
		{2E76A500-1DF7-46D8-9833-98F7A26F9782}.Ad-Hoc|iPhoneSimulator.Deploy.0 = Debug|Any CPU
		{2E76A500-1DF7-46D8-9833-98F7A26F9782}.AppStore|Any CPU.ActiveCfg = Debug|Any CPU
		{2E76A500-1DF7-46D8-9833-98F7A26F9782}.AppStore|Any CPU.Build.0 = Debug|Any CPU
		{2E76A500-1DF7-46D8-9833-98F7A26F9782}.AppStore|Any CPU.Deploy.0 = Debug|Any CPU
		{2E76A500-1DF7-46D8-9833-98F7A26F9782}.AppStore|iPhone.ActiveCfg = Debug|Any CPU
		{2E76A500-1DF7-46D8-9833-98F7A26F9782}.AppStore|iPhone.Build.0 = Debug|Any CPU
		{2E76A500-1DF7-46D8-9833-98F7A26F9782}.AppStore|iPhone.Deploy.0 = Debug|Any CPU
		{2E76A500-1DF7-46D8-9833-98F7A26F9782}.AppStore|iPhoneSimulator.ActiveCfg = Debug|Any CPU
		{2E76A500-1DF7-46D8-9833-98F7A26F9782}.AppStore|iPhoneSimulator.Build.0 = Debug|Any CPU
		{2E76A500-1DF7-46D8-9833-98F7A26F9782}.AppStore|iPhoneSimulator.Deploy.0 = Debug|Any CPU
		{2E76A500-1DF7-46D8-9833-98F7A26F9782}.Debug|Any CPU.ActiveCfg = Debug|Any CPU
		{2E76A500-1DF7-46D8-9833-98F7A26F9782}.Debug|Any CPU.Build.0 = Debug|Any CPU
		{2E76A500-1DF7-46D8-9833-98F7A26F9782}.Debug|Any CPU.Deploy.0 = Debug|Any CPU
		{2E76A500-1DF7-46D8-9833-98F7A26F9782}.Debug|iPhone.ActiveCfg = Debug|Any CPU
		{2E76A500-1DF7-46D8-9833-98F7A26F9782}.Debug|iPhone.Build.0 = Debug|Any CPU
		{2E76A500-1DF7-46D8-9833-98F7A26F9782}.Debug|iPhone.Deploy.0 = Debug|Any CPU
		{2E76A500-1DF7-46D8-9833-98F7A26F9782}.Debug|iPhoneSimulator.ActiveCfg = Debug|Any CPU
		{2E76A500-1DF7-46D8-9833-98F7A26F9782}.Debug|iPhoneSimulator.Build.0 = Debug|Any CPU
		{2E76A500-1DF7-46D8-9833-98F7A26F9782}.Debug|iPhoneSimulator.Deploy.0 = Debug|Any CPU
		{2E76A500-1DF7-46D8-9833-98F7A26F9782}.Release|Any CPU.ActiveCfg = Release|Any CPU
		{2E76A500-1DF7-46D8-9833-98F7A26F9782}.Release|Any CPU.Build.0 = Release|Any CPU
		{2E76A500-1DF7-46D8-9833-98F7A26F9782}.Release|Any CPU.Deploy.0 = Release|Any CPU
		{2E76A500-1DF7-46D8-9833-98F7A26F9782}.Release|iPhone.ActiveCfg = Release|Any CPU
		{2E76A500-1DF7-46D8-9833-98F7A26F9782}.Release|iPhone.Build.0 = Release|Any CPU
		{2E76A500-1DF7-46D8-9833-98F7A26F9782}.Release|iPhone.Deploy.0 = Release|Any CPU
		{2E76A500-1DF7-46D8-9833-98F7A26F9782}.Release|iPhoneSimulator.ActiveCfg = Release|Any CPU
		{2E76A500-1DF7-46D8-9833-98F7A26F9782}.Release|iPhoneSimulator.Build.0 = Release|Any CPU
		{2E76A500-1DF7-46D8-9833-98F7A26F9782}.Release|iPhoneSimulator.Deploy.0 = Release|Any CPU
	EndGlobalSection
	GlobalSection(SolutionProperties) = preSolution
		HideSolutionNode = FALSE
	EndGlobalSection
	GlobalSection(ExtensibilityGlobals) = postSolution
		SolutionGuid = {9FED385C-DF59-42AB-BCD2-6F53C122D808}
	EndGlobalSection
EndGlobal
